{
  "name": "monorepo-playground",
  "version": "1.0.0",
  "lockfileVersion": 3,
  "requires": true,
  "packages": {
    "": {
      "name": "monorepo-playground",
      "version": "1.0.0",
      "workspaces": [
        "packages/*"
      ]
    },
    "node_modules/@barnabycollins/my-fn-1": {
      "resolved": "packages/my-fn-1",
      "link": true
    },
    "node_modules/@barnabycollins/my-fn-2": {
      "resolved": "packages/my-fn-2",
      "link": true
    },
    "packages/my-fn-1": {
      "version": "1.0.0"
    },
    "packages/my-fn-2": {
      "version": "1.0.0"
    }
  }
}
